{
  "requires": true,
  "lockfileVersion": 1,
  "dependencies": {
    "angular2-flash-messages": {
      "version": "3.0.1",
      "resolved": "https://registry.npmjs.org/angular2-flash-messages/-/angular2-flash-messages-3.0.1.tgz",
      "integrity": "sha512-0UVInmSyCi1nlsGspIcuxjZL4hIdPaMOAZInOwHZOeEY0fB3mUexa4v7nmpbuWUuNmhohI2psI6SjqWWB5XqjQ=="
    }
  }
}
